// !$*UTF8*$!
{
	archiveVersion = 1;
	classes = {
	};
	objectVersion = 77;
	objects = {

/* Begin PBXBuildFile section */
		696252CE2E79B01100F1AB57 /* BaseInteractor.swift in Sources */ = {isa = PBXBuildFile; fileRef = 696252C82E79B01100F1AB57 /* BaseInteractor.swift */; };
		696252D12E79B04200F1AB57 /* RxSwift in Frameworks */ = {isa = PBXBuildFile; productRef = 696252D02E79B04200F1AB57 /* RxSwift */; };
		696252D42E79B4C900F1AB57 /* UIStoryboardExtension.swift in Sources */ = {isa = PBXBuildFile; fileRef = 696252D32E79B4C900F1AB57 /* UIStoryboardExtension.swift */; };
		69629C0A2E7ACAC400C4BF0E /* LauchRouter.swift in Sources */ = {isa = PBXBuildFile; fileRef = 69629C082E7ACAC400C4BF0E /* LauchRouter.swift */; };
		69629C0B2E7ACAC400C4BF0E /* LauchViewController.swift in Sources */ = {isa = PBXBuildFile; fileRef = 69629C092E7ACAC400C4BF0E /* LauchViewController.swift */; };
		69629C0C2E7ACAC400C4BF0E /* LauchPresenter.swift in Sources */ = {isa = PBXBuildFile; fileRef = 69629C072E7ACAC400C4BF0E /* LauchPresenter.swift */; };
		69629C0D2E7ACAC400C4BF0E /* LauchContract.swift in Sources */ = {isa = PBXBuildFile; fileRef = 69629C052E7ACAC400C4BF0E /* LauchContract.swift */; };
		69629C0E2E7ACAC400C4BF0E /* LauchInteractor.swift in Sources */ = {isa = PBXBuildFile; fileRef = 69629C062E7ACAC400C4BF0E /* LauchInteractor.swift */; };
		69629C0F2E7ACAC400C4BF0E /* Lauch.storyboard in Resources */ = {isa = PBXBuildFile; fileRef = 69629C042E7ACAC400C4BF0E /* Lauch.storyboard */; };
		69856D722E79897D00AAF070 /* Assets.xcassets in Resources */ = {isa = PBXBuildFile; fileRef = 69856D692E79897D00AAF070 /* Assets.xcassets */; };
		69856D742E79897D00AAF070 /* LaunchScreen.storyboard in Resources */ = {isa = PBXBuildFile; fileRef = 69856D6C2E79897D00AAF070 /* LaunchScreen.storyboard */; };
		69856D762E79897D00AAF070 /* AppDelegate.swift in Sources */ = {isa = PBXBuildFile; fileRef = 69856D682E79897D00AAF070 /* AppDelegate.swift */; };
		69856D7C2E79899F00AAF070 /* PathBookTests.swift in Sources */ = {isa = PBXBuildFile; fileRef = 69856D7A2E79899F00AAF070 /* PathBookTests.swift */; };
		69856D802E7989A200AAF070 /* PathBookUITests.swift in Sources */ = {isa = PBXBuildFile; fileRef = 69856D7D2E7989A200AAF070 /* PathBookUITests.swift */; };
		69856D812E7989A200AAF070 /* PathBookUITestsLaunchTests.swift in Sources */ = {isa = PBXBuildFile; fileRef = 69856D7E2E7989A200AAF070 /* PathBookUITestsLaunchTests.swift */; };
		69856D8C2E798A5600AAF070 /* Home.storyboard in Resources */ = {isa = PBXBuildFile; fileRef = 69856D862E798A5600AAF070 /* Home.storyboard */; };
		69856D8D2E798A5600AAF070 /* HomeViewController.swift in Sources */ = {isa = PBXBuildFile; fileRef = 69856D8B2E798A5600AAF070 /* HomeViewController.swift */; };
		69856D8E2E798A5600AAF070 /* HomePresenter.swift in Sources */ = {isa = PBXBuildFile; fileRef = 69856D892E798A5600AAF070 /* HomePresenter.swift */; };
		69856D8F2E798A5600AAF070 /* HomeInteractor.swift in Sources */ = {isa = PBXBuildFile; fileRef = 69856D882E798A5600AAF070 /* HomeInteractor.swift */; };
		69856D902E798A5600AAF070 /* HomeRouter.swift in Sources */ = {isa = PBXBuildFile; fileRef = 69856D8A2E798A5600AAF070 /* HomeRouter.swift */; };
		69856D912E798A5600AAF070 /* HomeContract.swift in Sources */ = {isa = PBXBuildFile; fileRef = 69856D872E798A5600AAF070 /* HomeContract.swift */; };
/* End PBXBuildFile section */

/* Begin PBXContainerItemProxy section */
		69856D4B2E79889800AAF070 /* PBXContainerItemProxy */ = {
			isa = PBXContainerItemProxy;
			containerPortal = 69856D2C2E79889600AAF070 /* Project object */;
			proxyType = 1;
			remoteGlobalIDString = 69856D332E79889600AAF070;
			remoteInfo = PathBook;
		};
		69856D552E79889800AAF070 /* PBXContainerItemProxy */ = {
			isa = PBXContainerItemProxy;
			containerPortal = 69856D2C2E79889600AAF070 /* Project object */;
			proxyType = 1;
			remoteGlobalIDString = 69856D332E79889600AAF070;
			remoteInfo = PathBook;
		};
/* End PBXContainerItemProxy section */

/* Begin PBXFileReference section */
		696252C82E79B01100F1AB57 /* BaseInteractor.swift */ = {isa = PBXFileReference; lastKnownFileType = sourcecode.swift; path = BaseInteractor.swift; sourceTree = "<group>"; };
		696252D32E79B4C900F1AB57 /* UIStoryboardExtension.swift */ = {isa = PBXFileReference; lastKnownFileType = sourcecode.swift; path = UIStoryboardExtension.swift; sourceTree = "<group>"; };
		69629C042E7ACAC400C4BF0E /* Lauch.storyboard */ = {isa = PBXFileReference; lastKnownFileType = file.storyboard; path = Lauch.storyboard; sourceTree = "<group>"; };
		69629C052E7ACAC400C4BF0E /* LauchContract.swift */ = {isa = PBXFileReference; lastKnownFileType = sourcecode.swift; path = LauchContract.swift; sourceTree = "<group>"; };
		69629C062E7ACAC400C4BF0E /* LauchInteractor.swift */ = {isa = PBXFileReference; lastKnownFileType = sourcecode.swift; path = LauchInteractor.swift; sourceTree = "<group>"; };
		69629C072E7ACAC400C4BF0E /* LauchPresenter.swift */ = {isa = PBXFileReference; lastKnownFileType = sourcecode.swift; path = LauchPresenter.swift; sourceTree = "<group>"; };
		69629C082E7ACAC400C4BF0E /* LauchRouter.swift */ = {isa = PBXFileReference; lastKnownFileType = sourcecode.swift; path = LauchRouter.swift; sourceTree = "<group>"; };
		69629C092E7ACAC400C4BF0E /* LauchViewController.swift */ = {isa = PBXFileReference; lastKnownFileType = sourcecode.swift; path = LauchViewController.swift; sourceTree = "<group>"; };
		69856D342E79889600AAF070 /* PathBook.app */ = {isa = PBXFileReference; explicitFileType = wrapper.application; includeInIndex = 0; path = PathBook.app; sourceTree = BUILT_PRODUCTS_DIR; };
		69856D4A2E79889800AAF070 /* PathBookTests.xctest */ = {isa = PBXFileReference; explicitFileType = wrapper.cfbundle; includeInIndex = 0; path = PathBookTests.xctest; sourceTree = BUILT_PRODUCTS_DIR; };
		69856D542E79889800AAF070 /* PathBookUITests.xctest */ = {isa = PBXFileReference; explicitFileType = wrapper.cfbundle; includeInIndex = 0; path = PathBookUITests.xctest; sourceTree = BUILT_PRODUCTS_DIR; };
		69856D682E79897D00AAF070 /* AppDelegate.swift */ = {isa = PBXFileReference; lastKnownFileType = sourcecode.swift; path = AppDelegate.swift; sourceTree = "<group>"; };
		69856D692E79897D00AAF070 /* Assets.xcassets */ = {isa = PBXFileReference; lastKnownFileType = folder.assetcatalog; path = Assets.xcassets; sourceTree = "<group>"; };
		69856D6A2E79897D00AAF070 /* Info.plist */ = {isa = PBXFileReference; lastKnownFileType = text.plist.xml; path = Info.plist; sourceTree = "<group>"; };
		69856D6B2E79897D00AAF070 /* Base */ = {isa = PBXFileReference; lastKnownFileType = file.storyboard; name = Base; path = Base.lproj/LaunchScreen.storyboard; sourceTree = "<group>"; };
		69856D7A2E79899F00AAF070 /* PathBookTests.swift */ = {isa = PBXFileReference; lastKnownFileType = sourcecode.swift; path = PathBookTests.swift; sourceTree = "<group>"; };
		69856D7D2E7989A200AAF070 /* PathBookUITests.swift */ = {isa = PBXFileReference; lastKnownFileType = sourcecode.swift; path = PathBookUITests.swift; sourceTree = "<group>"; };
		69856D7E2E7989A200AAF070 /* PathBookUITestsLaunchTests.swift */ = {isa = PBXFileReference; lastKnownFileType = sourcecode.swift; path = PathBookUITestsLaunchTests.swift; sourceTree = "<group>"; };
		69856D862E798A5600AAF070 /* Home.storyboard */ = {isa = PBXFileReference; lastKnownFileType = file.storyboard; path = Home.storyboard; sourceTree = "<group>"; };
		69856D872E798A5600AAF070 /* HomeContract.swift */ = {isa = PBXFileReference; lastKnownFileType = sourcecode.swift; path = HomeContract.swift; sourceTree = "<group>"; };
		69856D882E798A5600AAF070 /* HomeInteractor.swift */ = {isa = PBXFileReference; lastKnownFileType = sourcecode.swift; path = HomeInteractor.swift; sourceTree = "<group>"; };
		69856D892E798A5600AAF070 /* HomePresenter.swift */ = {isa = PBXFileReference; lastKnownFileType = sourcecode.swift; path = HomePresenter.swift; sourceTree = "<group>"; };
		69856D8A2E798A5600AAF070 /* HomeRouter.swift */ = {isa = PBXFileReference; lastKnownFileType = sourcecode.swift; path = HomeRouter.swift; sourceTree = "<group>"; };
		69856D8B2E798A5600AAF070 /* HomeViewController.swift */ = {isa = PBXFileReference; lastKnownFileType = sourcecode.swift; path = HomeViewController.swift; sourceTree = "<group>"; };
/* End PBXFileReference section */

/* Begin PBXFrameworksBuildPhase section */
		69856D312E79889600AAF070 /* Frameworks */ = {
			isa = PBXFrameworksBuildPhase;
			buildActionMask = 2147483647;
			files = (
				696252D12E79B04200F1AB57 /* RxSwift in Frameworks */,
			);
			runOnlyForDeploymentPostprocessing = 0;
		};
		69856D472E79889800AAF070 /* Frameworks */ = {
			isa = PBXFrameworksBuildPhase;
			buildActionMask = 2147483647;
			files = (
			);
			runOnlyForDeploymentPostprocessing = 0;
		};
		69856D512E79889800AAF070 /* Frameworks */ = {
			isa = PBXFrameworksBuildPhase;
			buildActionMask = 2147483647;
			files = (
			);
			runOnlyForDeploymentPostprocessing = 0;
		};
/* End PBXFrameworksBuildPhase section */

/* Begin PBXGroup section */
		696252C32E79AF1B00F1AB57 /* Contract */ = {
			isa = PBXGroup;
			children = (
				69856D872E798A5600AAF070 /* HomeContract.swift */,
			);
			path = Contract;
			sourceTree = "<group>";
		};
		696252C42E79AF2100F1AB57 /* Interactor */ = {
			isa = PBXGroup;
			children = (
				69856D882E798A5600AAF070 /* HomeInteractor.swift */,
			);
			path = Interactor;
			sourceTree = "<group>";
		};
		696252C52E79AF2700F1AB57 /* View */ = {
			isa = PBXGroup;
			children = (
				69856D862E798A5600AAF070 /* Home.storyboard */,
				69856D8B2E798A5600AAF070 /* HomeViewController.swift */,
			);
			path = View;
			sourceTree = "<group>";
		};
		696252C62E79AF2D00F1AB57 /* Presenter */ = {
			isa = PBXGroup;
			children = (
				69856D892E798A5600AAF070 /* HomePresenter.swift */,
			);
			path = Presenter;
			sourceTree = "<group>";
		};
		696252C72E79AF3400F1AB57 /* Router */ = {
			isa = PBXGroup;
			children = (
				69856D8A2E798A5600AAF070 /* HomeRouter.swift */,
			);
			path = Router;
			sourceTree = "<group>";
		};
		696252CB2E79B01100F1AB57 /* Base */ = {
			isa = PBXGroup;
			children = (
				696252C82E79B01100F1AB57 /* BaseInteractor.swift */,
			);
			path = Base;
			sourceTree = "<group>";
		};
		696252D22E79B4C600F1AB57 /* Extensions */ = {
			isa = PBXGroup;
			children = (
				696252D32E79B4C900F1AB57 /* UIStoryboardExtension.swift */,
			);
			path = Extensions;
			sourceTree = "<group>";
		};
		69629C102E7ADEBA00C4BF0E /* Launch */ = {
			isa = PBXGroup;
			children = (
				69629C122E7ADF1E00C4BF0E /* Contract */,
				69629C152E7ADFAC00C4BF0E /* Presenter */,
				69629C142E7ADF2800C4BF0E /* Interactor */,
				69629C132E7ADF2400C4BF0E /* View */,
				69629C112E7ADF1900C4BF0E /* Router */,
			);
			path = Launch;
			sourceTree = "<group>";
		};
		69629C112E7ADF1900C4BF0E /* Router */ = {
			isa = PBXGroup;
			children = (
				69629C082E7ACAC400C4BF0E /* LauchRouter.swift */,
			);
			path = Router;
			sourceTree = "<group>";
		};
		69629C122E7ADF1E00C4BF0E /* Contract */ = {
			isa = PBXGroup;
			children = (
				69629C052E7ACAC400C4BF0E /* LauchContract.swift */,
			);
			path = Contract;
			sourceTree = "<group>";
		};
		69629C132E7ADF2400C4BF0E /* View */ = {
			isa = PBXGroup;
			children = (
				69629C042E7ACAC400C4BF0E /* Lauch.storyboard */,
				69629C092E7ACAC400C4BF0E /* LauchViewController.swift */,
			);
			path = View;
			sourceTree = "<group>";
		};
		69629C142E7ADF2800C4BF0E /* Interactor */ = {
			isa = PBXGroup;
			children = (
				69629C062E7ACAC400C4BF0E /* LauchInteractor.swift */,
			);
			path = Interactor;
			sourceTree = "<group>";
		};
		69629C152E7ADFAC00C4BF0E /* Presenter */ = {
			isa = PBXGroup;
			children = (
				69629C072E7ACAC400C4BF0E /* LauchPresenter.swift */,
			);
			path = Presenter;
			sourceTree = "<group>";
		};
		69856D2B2E79889600AAF070 = {
			isa = PBXGroup;
			children = (
				69856D712E79897D00AAF070 /* PathBook */,
				69856D822E7989A600AAF070 /* Tests */,
				69856D352E79889600AAF070 /* Products */,
			);
			sourceTree = "<group>";
		};
		69856D352E79889600AAF070 /* Products */ = {
			isa = PBXGroup;
			children = (
				69856D342E79889600AAF070 /* PathBook.app */,
				69856D4A2E79889800AAF070 /* PathBookTests.xctest */,
				69856D542E79889800AAF070 /* PathBookUITests.xctest */,
			);
			name = Products;
			sourceTree = "<group>";
		};
		69856D712E79897D00AAF070 /* PathBook */ = {
			isa = PBXGroup;
			children = (
				69856D6A2E79897D00AAF070 /* Info.plist */,
				696252D22E79B4C600F1AB57 /* Extensions */,
				69856D832E7989F900AAF070 /* Delegates */,
				69856D842E798A1300AAF070 /* Modules */,
				69856D792E79898400AAF070 /* Resources */,
				69856D6C2E79897D00AAF070 /* LaunchScreen.storyboard */,
			);
			path = PathBook;
			sourceTree = "<group>";
		};
		69856D792E79898400AAF070 /* Resources */ = {
			isa = PBXGroup;
			children = (
				69856D692E79897D00AAF070 /* Assets.xcassets */,
			);
			path = Resources;
			sourceTree = "<group>";
		};
		69856D7B2E79899F00AAF070 /* PathBookTests */ = {
			isa = PBXGroup;
			children = (
				69856D7A2E79899F00AAF070 /* PathBookTests.swift */,
			);
			path = PathBookTests;
			sourceTree = "<group>";
		};
		69856D7F2E7989A200AAF070 /* PathBookUITests */ = {
			isa = PBXGroup;
			children = (
				69856D7D2E7989A200AAF070 /* PathBookUITests.swift */,
				69856D7E2E7989A200AAF070 /* PathBookUITestsLaunchTests.swift */,
			);
			path = PathBookUITests;
			sourceTree = "<group>";
		};
		69856D822E7989A600AAF070 /* Tests */ = {
			isa = PBXGroup;
			children = (
				69856D7B2E79899F00AAF070 /* PathBookTests */,
				69856D7F2E7989A200AAF070 /* PathBookUITests */,
			);
			path = Tests;
			sourceTree = "<group>";
		};
		69856D832E7989F900AAF070 /* Delegates */ = {
			isa = PBXGroup;
			children = (
				69856D682E79897D00AAF070 /* AppDelegate.swift */,
			);
			path = Delegates;
			sourceTree = "<group>";
		};
		69856D842E798A1300AAF070 /* Modules */ = {
			isa = PBXGroup;
			children = (
				696252CB2E79B01100F1AB57 /* Base */,
				69629C102E7ADEBA00C4BF0E /* Launch */,
				69856D852E798A4300AAF070 /* Home */,
			);
			path = Modules;
			sourceTree = "<group>";
		};
		69856D852E798A4300AAF070 /* Home */ = {
			isa = PBXGroup;
			children = (
				696252C32E79AF1B00F1AB57 /* Contract */,
				696252C52E79AF2700F1AB57 /* View */,
				696252C42E79AF2100F1AB57 /* Interactor */,
				696252C62E79AF2D00F1AB57 /* Presenter */,
				696252C72E79AF3400F1AB57 /* Router */,
			);
			path = Home;
			sourceTree = "<group>";
		};
/* End PBXGroup section */

/* Begin PBXNativeTarget section */
		69856D332E79889600AAF070 /* PathBook */ = {
			isa = PBXNativeTarget;
			buildConfigurationList = 69856D5D2E79889800AAF070 /* Build configuration list for PBXNativeTarget "PathBook" */;
			buildPhases = (
				69856D302E79889600AAF070 /* Sources */,
				69856D312E79889600AAF070 /* Frameworks */,
				69856D322E79889600AAF070 /* Resources */,
			);
			buildRules = (
			);
			dependencies = (
			);
			name = PathBook;
			packageProductDependencies = (
				696252D02E79B04200F1AB57 /* RxSwift */,
			);
			productName = PathBook;
			productReference = 69856D342E79889600AAF070 /* PathBook.app */;
			productType = "com.apple.product-type.application";
		};
		69856D492E79889800AAF070 /* PathBookTests */ = {
			isa = PBXNativeTarget;
			buildConfigurationList = 69856D622E79889800AAF070 /* Build configuration list for PBXNativeTarget "PathBookTests" */;
			buildPhases = (
				69856D462E79889800AAF070 /* Sources */,
				69856D472E79889800AAF070 /* Frameworks */,
				69856D482E79889800AAF070 /* Resources */,
			);
			buildRules = (
			);
			dependencies = (
				69856D4C2E79889800AAF070 /* PBXTargetDependency */,
			);
			name = PathBookTests;
			packageProductDependencies = (
			);
			productName = PathBookTests;
			productReference = 69856D4A2E79889800AAF070 /* PathBookTests.xctest */;
			productType = "com.apple.product-type.bundle.unit-test";
		};
		69856D532E79889800AAF070 /* PathBookUITests */ = {
			isa = PBXNativeTarget;
			buildConfigurationList = 69856D652E79889800AAF070 /* Build configuration list for PBXNativeTarget "PathBookUITests" */;
			buildPhases = (
				69856D502E79889800AAF070 /* Sources */,
				69856D512E79889800AAF070 /* Frameworks */,
				69856D522E79889800AAF070 /* Resources */,
			);
			buildRules = (
			);
			dependencies = (
				69856D562E79889800AAF070 /* PBXTargetDependency */,
			);
			name = PathBookUITests;
			packageProductDependencies = (
			);
			productName = PathBookUITests;
			productReference = 69856D542E79889800AAF070 /* PathBookUITests.xctest */;
			productType = "com.apple.product-type.bundle.ui-testing";
		};
/* End PBXNativeTarget section */

/* Begin PBXProject section */
		69856D2C2E79889600AAF070 /* Project object */ = {
			isa = PBXProject;
			attributes = {
				BuildIndependentTargetsInParallel = 1;
				LastSwiftUpdateCheck = 1640;
				LastUpgradeCheck = 1640;
				TargetAttributes = {
					69856D332E79889600AAF070 = {
						CreatedOnToolsVersion = 16.4;
					};
					69856D492E79889800AAF070 = {
						CreatedOnToolsVersion = 16.4;
						TestTargetID = 69856D332E79889600AAF070;
					};
					69856D532E79889800AAF070 = {
						CreatedOnToolsVersion = 16.4;
						TestTargetID = 69856D332E79889600AAF070;
					};
				};
			};
			buildConfigurationList = 69856D2F2E79889600AAF070 /* Build configuration list for PBXProject "PathBook" */;
			developmentRegion = en;
			hasScannedForEncodings = 0;
			knownRegions = (
				en,
				Base,
			);
			mainGroup = 69856D2B2E79889600AAF070;
			minimizedProjectReferenceProxies = 1;
			packageReferences = (
				696252CF2E79B04200F1AB57 /* XCRemoteSwiftPackageReference "RxSwift" */,
			);
			preferredProjectObjectVersion = 77;
			productRefGroup = 69856D352E79889600AAF070 /* Products */;
			projectDirPath = "";
			projectRoot = "";
			targets = (
				69856D332E79889600AAF070 /* PathBook */,
				69856D492E79889800AAF070 /* PathBookTests */,
				69856D532E79889800AAF070 /* PathBookUITests */,
			);
		};
/* End PBXProject section */

/* Begin PBXResourcesBuildPhase section */
		69856D322E79889600AAF070 /* Resources */ = {
			isa = PBXResourcesBuildPhase;
			buildActionMask = 2147483647;
			files = (
				69629C0F2E7ACAC400C4BF0E /* Lauch.storyboard in Resources */,
				69856D722E79897D00AAF070 /* Assets.xcassets in Resources */,
				69856D742E79897D00AAF070 /* LaunchScreen.storyboard in Resources */,
				69856D8C2E798A5600AAF070 /* Home.storyboard in Resources */,
			);
			runOnlyForDeploymentPostprocessing = 0;
		};
		69856D482E79889800AAF070 /* Resources */ = {
			isa = PBXResourcesBuildPhase;
			buildActionMask = 2147483647;
			files = (
			);
			runOnlyForDeploymentPostprocessing = 0;
		};
		69856D522E79889800AAF070 /* Resources */ = {
			isa = PBXResourcesBuildPhase;
			buildActionMask = 2147483647;
			files = (
			);
			runOnlyForDeploymentPostprocessing = 0;
		};
/* End PBXResourcesBuildPhase section */

/* Begin PBXSourcesBuildPhase section */
		69856D302E79889600AAF070 /* Sources */ = {
			isa = PBXSourcesBuildPhase;
			buildActionMask = 2147483647;
			files = (
				69856D762E79897D00AAF070 /* AppDelegate.swift in Sources */,
				69856D8D2E798A5600AAF070 /* HomeViewController.swift in Sources */,
				69629C0A2E7ACAC400C4BF0E /* LauchRouter.swift in Sources */,
				69629C0B2E7ACAC400C4BF0E /* LauchViewController.swift in Sources */,
				69629C0C2E7ACAC400C4BF0E /* LauchPresenter.swift in Sources */,
				69629C0D2E7ACAC400C4BF0E /* LauchContract.swift in Sources */,
				69629C0E2E7ACAC400C4BF0E /* LauchInteractor.swift in Sources */,
				696252CE2E79B01100F1AB57 /* BaseInteractor.swift in Sources */,
				69856D8E2E798A5600AAF070 /* HomePresenter.swift in Sources */,
				69856D8F2E798A5600AAF070 /* HomeInteractor.swift in Sources */,
				69856D902E798A5600AAF070 /* HomeRouter.swift in Sources */,
				69856D912E798A5600AAF070 /* HomeContract.swift in Sources */,
				696252D42E79B4C900F1AB57 /* UIStoryboardExtension.swift in Sources */,
			);
			runOnlyForDeploymentPostprocessing = 0;
		};
		69856D462E79889800AAF070 /* Sources */ = {
			isa = PBXSourcesBuildPhase;
			buildActionMask = 2147483647;
			files = (
				69856D7C2E79899F00AAF070 /* PathBookTests.swift in Sources */,
			);
			runOnlyForDeploymentPostprocessing = 0;
		};
		69856D502E79889800AAF070 /* Sources */ = {
			isa = PBXSourcesBuildPhase;
			buildActionMask = 2147483647;
			files = (
				69856D802E7989A200AAF070 /* PathBookUITests.swift in Sources */,
				69856D812E7989A200AAF070 /* PathBookUITestsLaunchTests.swift in Sources */,
			);
			runOnlyForDeploymentPostprocessing = 0;
		};
/* End PBXSourcesBuildPhase section */

/* Begin PBXTargetDependency section */
		69856D4C2E79889800AAF070 /* PBXTargetDependency */ = {
			isa = PBXTargetDependency;
			target = 69856D332E79889600AAF070 /* PathBook */;
			targetProxy = 69856D4B2E79889800AAF070 /* PBXContainerItemProxy */;
		};
		69856D562E79889800AAF070 /* PBXTargetDependency */ = {
			isa = PBXTargetDependency;
			target = 69856D332E79889600AAF070 /* PathBook */;
			targetProxy = 69856D552E79889800AAF070 /* PBXContainerItemProxy */;
		};
/* End PBXTargetDependency section */

/* Begin PBXVariantGroup section */
		69856D6C2E79897D00AAF070 /* LaunchScreen.storyboard */ = {
			isa = PBXVariantGroup;
			children = (
				69856D6B2E79897D00AAF070 /* Base */,
			);
			name = LaunchScreen.storyboard;
			sourceTree = "<group>";
		};
/* End PBXVariantGroup section */

/* Begin XCBuildConfiguration section */
		69856D5E2E79889800AAF070 /* Debug */ = {
			isa = XCBuildConfiguration;
			buildSettings = {
				ASSETCATALOG_COMPILER_APPICON_NAME = AppIcon;
				ASSETCATALOG_COMPILER_GLOBAL_ACCENT_COLOR_NAME = AccentColor;
				CODE_SIGN_STYLE = Automatic;
				CURRENT_PROJECT_VERSION = 1;
				GENERATE_INFOPLIST_FILE = YES;
				INFOPLIST_FILE = PathBook/Info.plist;
				INFOPLIST_KEY_UIApplicationSupportsIndirectInputEvents = YES;
				INFOPLIST_KEY_UILaunchStoryboardName = LaunchScreen;
				INFOPLIST_KEY_UIMainStoryboardFile = LaunchScreen;
				INFOPLIST_KEY_UISupportedInterfaceOrientations = UIInterfaceOrientationPortrait;
				INFOPLIST_KEY_UISupportedInterfaceOrientations_iPad = "UIInterfaceOrientationLandscapeLeft UIInterfaceOrientationLandscapeRight UIInterfaceOrientationPortrait UIInterfaceOrientationPortraitUpsideDown";
				IPHONEOS_DEPLOYMENT_TARGET = 17;
				LD_RUNPATH_SEARCH_PATHS = (
					"$(inherited)",
					"@executable_path/Frameworks",
				);
				MARKETING_VERSION = 1.0;
				PRODUCT_BUNDLE_IDENTIFIER = com.icmens.PathBook;
				PRODUCT_NAME = "$(TARGET_NAME)";
				SUPPORTED_PLATFORMS = "iphoneos iphonesimulator";
				SUPPORTS_MACCATALYST = NO;
				SUPPORTS_MAC_DESIGNED_FOR_IPHONE_IPAD = NO;
				SUPPORTS_XR_DESIGNED_FOR_IPHONE_IPAD = NO;
				SWIFT_EMIT_LOC_STRINGS = YES;
				SWIFT_VERSION = 5.0;
				TARGETED_DEVICE_FAMILY = 1;
			};
			name = Debug;
		};
		69856D5F2E79889800AAF070 /* Release */ = {
			isa = XCBuildConfiguration;
			buildSettings = {
				ASSETCATALOG_COMPILER_APPICON_NAME = AppIcon;
				ASSETCATALOG_COMPILER_GLOBAL_ACCENT_COLOR_NAME = AccentColor;
				CODE_SIGN_STYLE = Automatic;
				CURRENT_PROJECT_VERSION = 1;
				GENERATE_INFOPLIST_FILE = YES;
				INFOPLIST_FILE = PathBook/Info.plist;
				INFOPLIST_KEY_UIApplicationSupportsIndirectInputEvents = YES;
				INFOPLIST_KEY_UILaunchStoryboardName = LaunchScreen;
				INFOPLIST_KEY_UIMainStoryboardFile = LaunchScreen;
				INFOPLIST_KEY_UISupportedInterfaceOrientations = UIInterfaceOrientationPortrait;
				INFOPLIST_KEY_UISupportedInterfaceOrientations_iPad = "UIInterfaceOrientationLandscapeLeft UIInterfaceOrientationLandscapeRight UIInterfaceOrientationPortrait UIInterfaceOrientationPortraitUpsideDown";
				IPHONEOS_DEPLOYMENT_TARGET = 17;
				LD_RUNPATH_SEARCH_PATHS = (
					"$(inherited)",
					"@executable_path/Frameworks",
				);
				MARKETING_VERSION = 1.0;
				PRODUCT_BUNDLE_IDENTIFIER = com.icmens.PathBook;
				PRODUCT_NAME = "$(TARGET_NAME)";
				SUPPORTED_PLATFORMS = "iphoneos iphonesimulator";
				SUPPORTS_MACCATALYST = NO;
				SUPPORTS_MAC_DESIGNED_FOR_IPHONE_IPAD = NO;
				SUPPORTS_XR_DESIGNED_FOR_IPHONE_IPAD = NO;
				SWIFT_EMIT_LOC_STRINGS = YES;
				SWIFT_VERSION = 5.0;
				TARGETED_DEVICE_FAMILY = 1;
			};
			name = Release;
		};
		69856D602E79889800AAF070 /* Debug */ = {
			isa = XCBuildConfiguration;
			buildSettings = {
				ALWAYS_SEARCH_USER_PATHS = NO;
				ASSETCATALOG_COMPILER_GENERATE_SWIFT_ASSET_SYMBOL_EXTENSIONS = YES;
				CLANG_ANALYZER_NONNULL = YES;
				CLANG_ANALYZER_NUMBER_OBJECT_CONVERSION = YES_AGGRESSIVE;
				CLANG_CXX_LANGUAGE_STANDARD = "gnu++20";
				CLANG_ENABLE_MODULES = YES;
				CLANG_ENABLE_OBJC_ARC = YES;
				CLANG_ENABLE_OBJC_WEAK = YES;
				CLANG_WARN_BLOCK_CAPTURE_AUTORELEASING = YES;
				CLANG_WARN_BOOL_CONVERSION = YES;
				CLANG_WARN_COMMA = YES;
				CLANG_WARN_CONSTANT_CONVERSION = YES;
				CLANG_WARN_DEPRECATED_OBJC_IMPLEMENTATIONS = YES;
				CLANG_WARN_DIRECT_OBJC_ISA_USAGE = YES_ERROR;
				CLANG_WARN_DOCUMENTATION_COMMENTS = YES;
				CLANG_WARN_EMPTY_BODY = YES;
				CLANG_WARN_ENUM_CONVERSION = YES;
				CLANG_WARN_INFINITE_RECURSION = YES;
				CLANG_WARN_INT_CONVERSION = YES;
				CLANG_WARN_NON_LITERAL_NULL_CONVERSION = YES;
				CLANG_WARN_OBJC_IMPLICIT_RETAIN_SELF = YES;
				CLANG_WARN_OBJC_LITERAL_CONVERSION = YES;
				CLANG_WARN_OBJC_ROOT_CLASS = YES_ERROR;
				CLANG_WARN_QUOTED_INCLUDE_IN_FRAMEWORK_HEADER = YES;
				CLANG_WARN_RANGE_LOOP_ANALYSIS = YES;
				CLANG_WARN_STRICT_PROTOTYPES = YES;
				CLANG_WARN_SUSPICIOUS_MOVE = YES;
				CLANG_WARN_UNGUARDED_AVAILABILITY = YES_AGGRESSIVE;
				CLANG_WARN_UNREACHABLE_CODE = YES;
				CLANG_WARN__DUPLICATE_METHOD_MATCH = YES;
				COPY_PHASE_STRIP = NO;
				DEBUG_INFORMATION_FORMAT = dwarf;
				ENABLE_STRICT_OBJC_MSGSEND = YES;
				ENABLE_TESTABILITY = YES;
				ENABLE_USER_SCRIPT_SANDBOXING = YES;
				GCC_C_LANGUAGE_STANDARD = gnu17;
				GCC_DYNAMIC_NO_PIC = NO;
				GCC_NO_COMMON_BLOCKS = YES;
				GCC_OPTIMIZATION_LEVEL = 0;
				GCC_PREPROCESSOR_DEFINITIONS = (
					"DEBUG=1",
					"$(inherited)",
				);
				GCC_WARN_64_TO_32_BIT_CONVERSION = YES;
				GCC_WARN_ABOUT_RETURN_TYPE = YES_ERROR;
				GCC_WARN_UNDECLARED_SELECTOR = YES;
				GCC_WARN_UNINITIALIZED_AUTOS = YES_AGGRESSIVE;
				GCC_WARN_UNUSED_FUNCTION = YES;
				GCC_WARN_UNUSED_VARIABLE = YES;
				IPHONEOS_DEPLOYMENT_TARGET = 18.5;
				LOCALIZATION_PREFERS_STRING_CATALOGS = YES;
				MTL_ENABLE_DEBUG_INFO = INCLUDE_SOURCE;
				MTL_FAST_MATH = YES;
				ONLY_ACTIVE_ARCH = YES;
				SDKROOT = iphoneos;
				SWIFT_ACTIVE_COMPILATION_CONDITIONS = "DEBUG $(inherited)";
				SWIFT_OPTIMIZATION_LEVEL = "-Onone";
			};
			name = Debug;
		};
		69856D612E79889800AAF070 /* Release */ = {
			isa = XCBuildConfiguration;
			buildSettings = {
				ALWAYS_SEARCH_USER_PATHS = NO;
				ASSETCATALOG_COMPILER_GENERATE_SWIFT_ASSET_SYMBOL_EXTENSIONS = YES;
				CLANG_ANALYZER_NONNULL = YES;
				CLANG_ANALYZER_NUMBER_OBJECT_CONVERSION = YES_AGGRESSIVE;
				CLANG_CXX_LANGUAGE_STANDARD = "gnu++20";
				CLANG_ENABLE_MODULES = YES;
				CLANG_ENABLE_OBJC_ARC = YES;
				CLANG_ENABLE_OBJC_WEAK = YES;
				CLANG_WARN_BLOCK_CAPTURE_AUTORELEASING = YES;
				CLANG_WARN_BOOL_CONVERSION = YES;
				CLANG_WARN_COMMA = YES;
				CLANG_WARN_CONSTANT_CONVERSION = YES;
				CLANG_WARN_DEPRECATED_OBJC_IMPLEMENTATIONS = YES;
				CLANG_WARN_DIRECT_OBJC_ISA_USAGE = YES_ERROR;
				CLANG_WARN_DOCUMENTATION_COMMENTS = YES;
				CLANG_WARN_EMPTY_BODY = YES;
				CLANG_WARN_ENUM_CONVERSION = YES;
				CLANG_WARN_INFINITE_RECURSION = YES;
				CLANG_WARN_INT_CONVERSION = YES;
				CLANG_WARN_NON_LITERAL_NULL_CONVERSION = YES;
				CLANG_WARN_OBJC_IMPLICIT_RETAIN_SELF = YES;
				CLANG_WARN_OBJC_LITERAL_CONVERSION = YES;
				CLANG_WARN_OBJC_ROOT_CLASS = YES_ERROR;
				CLANG_WARN_QUOTED_INCLUDE_IN_FRAMEWORK_HEADER = YES;
				CLANG_WARN_RANGE_LOOP_ANALYSIS = YES;
				CLANG_WARN_STRICT_PROTOTYPES = YES;
				CLANG_WARN_SUSPICIOUS_MOVE = YES;
				CLANG_WARN_UNGUARDED_AVAILABILITY = YES_AGGRESSIVE;
				CLANG_WARN_UNREACHABLE_CODE = YES;
				CLANG_WARN__DUPLICATE_METHOD_MATCH = YES;
				COPY_PHASE_STRIP = NO;
				DEBUG_INFORMATION_FORMAT = "dwarf-with-dsym";
				ENABLE_NS_ASSERTIONS = NO;
				ENABLE_STRICT_OBJC_MSGSEND = YES;
				ENABLE_USER_SCRIPT_SANDBOXING = YES;
				GCC_C_LANGUAGE_STANDARD = gnu17;
				GCC_NO_COMMON_BLOCKS = YES;
				GCC_WARN_64_TO_32_BIT_CONVERSION = YES;
				GCC_WARN_ABOUT_RETURN_TYPE = YES_ERROR;
				GCC_WARN_UNDECLARED_SELECTOR = YES;
				GCC_WARN_UNINITIALIZED_AUTOS = YES_AGGRESSIVE;
				GCC_WARN_UNUSED_FUNCTION = YES;
				GCC_WARN_UNUSED_VARIABLE = YES;
				IPHONEOS_DEPLOYMENT_TARGET = 18.5;
				LOCALIZATION_PREFERS_STRING_CATALOGS = YES;
				MTL_ENABLE_DEBUG_INFO = NO;
				MTL_FAST_MATH = YES;
				SDKROOT = iphoneos;
				SWIFT_COMPILATION_MODE = wholemodule;
				VALIDATE_PRODUCT = YES;
			};
			name = Release;
		};
		69856D632E79889800AAF070 /* Debug */ = {
			isa = XCBuildConfiguration;
			buildSettings = {
				BUNDLE_LOADER = "$(TEST_HOST)";
				CODE_SIGN_STYLE = Automatic;
				CURRENT_PROJECT_VERSION = 1;
				GENERATE_INFOPLIST_FILE = YES;
				IPHONEOS_DEPLOYMENT_TARGET = 18.5;
				MARKETING_VERSION = 1.0;
				PRODUCT_BUNDLE_IDENTIFIER = com.icmens.PathBookTests;
				PRODUCT_NAME = "$(TARGET_NAME)";
				SWIFT_EMIT_LOC_STRINGS = NO;
				SWIFT_VERSION = 5.0;
				TARGETED_DEVICE_FAMILY = "1,2";
				TEST_HOST = "$(BUILT_PRODUCTS_DIR)/PathBook.app/$(BUNDLE_EXECUTABLE_FOLDER_PATH)/PathBook";
			};
			name = Debug;
		};
		69856D642E79889800AAF070 /* Release */ = {
			isa = XCBuildConfiguration;
			buildSettings = {
				BUNDLE_LOADER = "$(TEST_HOST)";
				CODE_SIGN_STYLE = Automatic;
				CURRENT_PROJECT_VERSION = 1;
				GENERATE_INFOPLIST_FILE = YES;
				IPHONEOS_DEPLOYMENT_TARGET = 18.5;
				MARKETING_VERSION = 1.0;
				PRODUCT_BUNDLE_IDENTIFIER = com.icmens.PathBookTests;
				PRODUCT_NAME = "$(TARGET_NAME)";
				SWIFT_EMIT_LOC_STRINGS = NO;
				SWIFT_VERSION = 5.0;
				TARGETED_DEVICE_FAMILY = "1,2";
				TEST_HOST = "$(BUILT_PRODUCTS_DIR)/PathBook.app/$(BUNDLE_EXECUTABLE_FOLDER_PATH)/PathBook";
			};
			name = Release;
		};
		69856D662E79889800AAF070 /* Debug */ = {
			isa = XCBuildConfiguration;
			buildSettings = {
				CODE_SIGN_STYLE = Automatic;
				CURRENT_PROJECT_VERSION = 1;
				GENERATE_INFOPLIST_FILE = YES;
				MARKETING_VERSION = 1.0;
				PRODUCT_BUNDLE_IDENTIFIER = com.icmens.PathBookUITests;
				PRODUCT_NAME = "$(TARGET_NAME)";
				SWIFT_EMIT_LOC_STRINGS = NO;
				SWIFT_VERSION = 5.0;
				TARGETED_DEVICE_FAMILY = "1,2";
				TEST_TARGET_NAME = PathBook;
			};
			name = Debug;
		};
		69856D672E79889800AAF070 /* Release */ = {
			isa = XCBuildConfiguration;
			buildSettings = {
				CODE_SIGN_STYLE = Automatic;
				CURRENT_PROJECT_VERSION = 1;
				GENERATE_INFOPLIST_FILE = YES;
				MARKETING_VERSION = 1.0;
				PRODUCT_BUNDLE_IDENTIFIER = com.icmens.PathBookUITests;
				PRODUCT_NAME = "$(TARGET_NAME)";
				SWIFT_EMIT_LOC_STRINGS = NO;
				SWIFT_VERSION = 5.0;
				TARGETED_DEVICE_FAMILY = "1,2";
				TEST_TARGET_NAME = PathBook;
			};
			name = Release;
		};
/* End XCBuildConfiguration section */

/* Begin XCConfigurationList section */
		69856D2F2E79889600AAF070 /* Build configuration list for PBXProject "PathBook" */ = {
			isa = XCConfigurationList;
			buildConfigurations = (
				69856D602E79889800AAF070 /* Debug */,
				69856D612E79889800AAF070 /* Release */,
			);
			defaultConfigurationIsVisible = 0;
			defaultConfigurationName = Release;
		};
		69856D5D2E79889800AAF070 /* Build configuration list for PBXNativeTarget "PathBook" */ = {
			isa = XCConfigurationList;
			buildConfigurations = (
				69856D5E2E79889800AAF070 /* Debug */,
				69856D5F2E79889800AAF070 /* Release */,
			);
			defaultConfigurationIsVisible = 0;
			defaultConfigurationName = Release;
		};
		69856D622E79889800AAF070 /* Build configuration list for PBXNativeTarget "PathBookTests" */ = {
			isa = XCConfigurationList;
			buildConfigurations = (
				69856D632E79889800AAF070 /* Debug */,
				69856D642E79889800AAF070 /* Release */,
			);
			defaultConfigurationIsVisible = 0;
			defaultConfigurationName = Release;
		};
		69856D652E79889800AAF070 /* Build configuration list for PBXNativeTarget "PathBookUITests" */ = {
			isa = XCConfigurationList;
			buildConfigurations = (
				69856D662E79889800AAF070 /* Debug */,
				69856D672E79889800AAF070 /* Release */,
			);
			defaultConfigurationIsVisible = 0;
			defaultConfigurationName = Release;
		};
/* End XCConfigurationList section */

/* Begin XCRemoteSwiftPackageReference section */
		696252CF2E79B04200F1AB57 /* XCRemoteSwiftPackageReference "RxSwift" */ = {
			isa = XCRemoteSwiftPackageReference;
			repositoryURL = "https://github.com/ReactiveX/RxSwift";
			requirement = {
				kind = upToNextMajorVersion;
				minimumVersion = 6.9.0;
			};
		};
/* End XCRemoteSwiftPackageReference section */

/* Begin XCSwiftPackageProductDependency section */
		696252D02E79B04200F1AB57 /* RxSwift */ = {
			isa = XCSwiftPackageProductDependency;
			package = 696252CF2E79B04200F1AB57 /* XCRemoteSwiftPackageReference "RxSwift" */;
			productName = RxSwift;
		};
/* End XCSwiftPackageProductDependency section */
	};
	rootObject = 69856D2C2E79889600AAF070 /* Project object */;
}
